
Microsoft Visual Studio Solution File, Format Version 12.00
# Visual Studio Version 17
VisualStudioVersion = 17.12.35728.132 d17.12
MinimumVisualStudioVersion = 10.0.40219.1
Project("{FAE04EC0-301F-11D3-BF4B-00C04F79EFBC}") = "GUI", "GUI\GUI.csproj", "{031535DC-1993-4757-86EB-9514A1599D3E}"
	ProjectSection(ProjectDependencies) = postProject
		{74D6ABF1-287E-40ED-87FE-93AFB2EBDD34} = {74D6ABF1-287E-40ED-87FE-93AFB2EBDD34}
	EndProjectSection
EndProject
Project("{F2A71F9B-5D33-465A-A702-920D77279786}") = "SaltAndHash", "SaltAndHash\SaltAndHash.fsproj", "{74D6ABF1-287E-40ED-87FE-93AFB2EBDD34}"
EndProject
Global
	GlobalSection(SolutionConfigurationPlatforms) = preSolution
		Debug|Any CPU = Debug|Any CPU
		Debug|x64 = Debug|x64
		Release|Any CPU = Release|Any CPU
		Release|x64 = Release|x64
	EndGlobalSection
	GlobalSection(ProjectConfigurationPlatforms) = postSolution
		{031535DC-1993-4757-86EB-9514A1599D3E}.Debug|Any CPU.ActiveCfg = Debug|Any CPU
		{031535DC-1993-4757-86EB-9514A1599D3E}.Debug|Any CPU.Build.0 = Debug|Any CPU
		{031535DC-1993-4757-86EB-9514A1599D3E}.Debug|x64.ActiveCfg = Debug|x64
		{031535DC-1993-4757-86EB-9514A1599D3E}.Debug|x64.Build.0 = Debug|x64
		{031535DC-1993-4757-86EB-9514A1599D3E}.Release|Any CPU.ActiveCfg = Release|Any CPU
		{031535DC-1993-4757-86EB-9514A1599D3E}.Release|Any CPU.Build.0 = Release|Any CPU
		{031535DC-1993-4757-86EB-9514A1599D3E}.Release|x64.ActiveCfg = Release|x64
		{031535DC-1993-4757-86EB-9514A1599D3E}.Release|x64.Build.0 = Release|x64
		{74D6ABF1-287E-40ED-87FE-93AFB2EBDD34}.Debug|Any CPU.ActiveCfg = Debug|Any CPU
		{74D6ABF1-287E-40ED-87FE-93AFB2EBDD34}.Debug|Any CPU.Build.0 = Debug|Any CPU
		{74D6ABF1-287E-40ED-87FE-93AFB2EBDD34}.Debug|x64.ActiveCfg = Debug|x64
		{74D6ABF1-287E-40ED-87FE-93AFB2EBDD34}.Debug|x64.Build.0 = Debug|x64
		{74D6ABF1-287E-40ED-87FE-93AFB2EBDD34}.Release|Any CPU.ActiveCfg = Release|Any CPU
		{74D6ABF1-287E-40ED-87FE-93AFB2EBDD34}.Release|Any CPU.Build.0 = Release|Any CPU
		{74D6ABF1-287E-40ED-87FE-93AFB2EBDD34}.Release|x64.ActiveCfg = Release|x64
		{74D6ABF1-287E-40ED-87FE-93AFB2EBDD34}.Release|x64.Build.0 = Release|x64
	EndGlobalSection
	GlobalSection(SolutionProperties) = preSolution
		HideSolutionNode = FALSE
	EndGlobalSection
EndGlobal
